{
  "nodes": {
    "nixpkgs": {
      "locked": {
        "lastModified": 1730025694,
        "narHash": "sha256-Isj+5RY86+N+JrotqpaXqi6hUAABcF6pIOlIWy2leC8=",
        "owner": "NixOS",
        "repo": "nixpkgs",
        "rev": "23664a7358c599dd4f975f16cea0865bf423e83d",
        "type": "github"
      },
      "original": {
        "id": "nixpkgs",
        "ref": "nixos-unstable-small",
        "type": "indirect"
      }
    },
    "root": {
      "inputs": {
        "nixpkgs": "nixpkgs"
      }
    }
  },
  "root": "root",
  "version": 7
}
