{
  "nodes": {
    "nixpkgs": {
      "locked": {
        "lastModified": 1739822428,
        "narHash": "sha256-eVH9Ggf0eojNMoRkksP7SfOMpI8ITLNfmoZrKyfQ8hU=",
        "owner": "NixOS",
        "repo": "nixpkgs",
        "rev": "a3a07ac733f5aa4a1b1800d4a4042b65c6a9865f",
        "type": "github"
      },
      "original": {
        "id": "nixpkgs",
        "ref": "nixos-unstable-small",
        "type": "indirect"
      }
    },
    "root": {
      "inputs": {
        "nixpkgs": "nixpkgs"
      }
    }
  },
  "root": "root",
  "version": 7
}
